
Microsoft Visual Studio Solution File, Format Version 12.00
# Visual Studio 15
VisualStudioVersion = 15.0.27130.2036
MinimumVisualStudioVersion = 10.0.40219.1
Project("{FAE04EC0-301F-11D3-BF4B-00C04F79EFBC}") = "RelatedMNTP", "RelatedMNTP\RelatedMNTP.csproj", "{D604BC0B-049C-4B10-A57A-09BD7FE5CDC6}"
EndProject
Global
	GlobalSection(SolutionConfigurationPlatforms) = preSolution
		Debug|Any CPU = Debug|Any CPU
		Release|Any CPU = Release|Any CPU
	EndGlobalSection
	GlobalSection(ProjectConfigurationPlatforms) = postSolution
		{D604BC0B-049C-4B10-A57A-09BD7FE5CDC6}.Debug|Any CPU.ActiveCfg = Debug|Any CPU
		{D604BC0B-049C-4B10-A57A-09BD7FE5CDC6}.Debug|Any CPU.Build.0 = Debug|Any CPU
		{D604BC0B-049C-4B10-A57A-09BD7FE5CDC6}.Release|Any CPU.ActiveCfg = Release|Any CPU
		{D604BC0B-049C-4B10-A57A-09BD7FE5CDC6}.Release|Any CPU.Build.0 = Release|Any CPU
	EndGlobalSection
	GlobalSection(SolutionProperties) = preSolution
		HideSolutionNode = FALSE
	EndGlobalSection
	GlobalSection(ExtensibilityGlobals) = postSolution
		SolutionGuid = {2DB6D0C3-4A82-4F61-BB30-C04A8F994D22}
	EndGlobalSection
EndGlobal
